
Microsoft Visual Studio Solution File, Format Version 12.00
# Visual Studio 15
VisualStudioVersion = 15.0.27703.2035
MinimumVisualStudioVersion = 10.0.40219.1
Project("{FAE04EC0-301F-11D3-BF4B-00C04F79EFBC}") = "XF.Recursos.Android", "XF.Recursos\XF.Recursos.Android\XF.Recursos.Android.csproj", "{A76B7366-00C2-45E7-8E1A-335CFA61A8B3}"
EndProject
Project("{FAE04EC0-301F-11D3-BF4B-00C04F79EFBC}") = "XF.Recursos.iOS", "XF.Recursos\XF.Recursos.iOS\XF.Recursos.iOS.csproj", "{223204BD-E889-4389-B0D8-90D9DF054978}"
EndProject
Project("{FAE04EC0-301F-11D3-BF4B-00C04F79EFBC}") = "XF.Recursos", "XF.Recursos\XF.Recursos\XF.Recursos.csproj", "{06AFCDFB-FD2E-4E4C-8936-54901DAF031D}"
EndProject
Global
	GlobalSection(SolutionConfigurationPlatforms) = preSolution
		Ad-Hoc|Any CPU = Ad-Hoc|Any CPU
		Ad-Hoc|iPhone = Ad-Hoc|iPhone
		Ad-Hoc|iPhoneSimulator = Ad-Hoc|iPhoneSimulator
		AppStore|Any CPU = AppStore|Any CPU
		AppStore|iPhone = AppStore|iPhone
		AppStore|iPhoneSimulator = AppStore|iPhoneSimulator
		Debug|Any CPU = Debug|Any CPU
		Debug|iPhone = Debug|iPhone
		Debug|iPhoneSimulator = Debug|iPhoneSimulator
		Release|Any CPU = Release|Any CPU
		Release|iPhone = Release|iPhone
		Release|iPhoneSimulator = Release|iPhoneSimulator
	EndGlobalSection
	GlobalSection(ProjectConfigurationPlatforms) = postSolution
		{A76B7366-00C2-45E7-8E1A-335CFA61A8B3}.Ad-Hoc|Any CPU.ActiveCfg = Release|Any CPU
		{A76B7366-00C2-45E7-8E1A-335CFA61A8B3}.Ad-Hoc|Any CPU.Build.0 = Release|Any CPU
		{A76B7366-00C2-45E7-8E1A-335CFA61A8B3}.Ad-Hoc|Any CPU.Deploy.0 = Release|Any CPU
		{A76B7366-00C2-45E7-8E1A-335CFA61A8B3}.Ad-Hoc|iPhone.ActiveCfg = Release|Any CPU
		{A76B7366-00C2-45E7-8E1A-335CFA61A8B3}.Ad-Hoc|iPhone.Build.0 = Release|Any CPU
		{A76B7366-00C2-45E7-8E1A-335CFA61A8B3}.Ad-Hoc|iPhone.Deploy.0 = Release|Any CPU
		{A76B7366-00C2-45E7-8E1A-335CFA61A8B3}.Ad-Hoc|iPhoneSimulator.ActiveCfg = Release|Any CPU
		{A76B7366-00C2-45E7-8E1A-335CFA61A8B3}.Ad-Hoc|iPhoneSimulator.Build.0 = Release|Any CPU
		{A76B7366-00C2-45E7-8E1A-335CFA61A8B3}.Ad-Hoc|iPhoneSimulator.Deploy.0 = Release|Any CPU
		{A76B7366-00C2-45E7-8E1A-335CFA61A8B3}.AppStore|Any CPU.ActiveCfg = Release|Any CPU
		{A76B7366-00C2-45E7-8E1A-335CFA61A8B3}.AppStore|Any CPU.Build.0 = Release|Any CPU
		{A76B7366-00C2-45E7-8E1A-335CFA61A8B3}.AppStore|Any CPU.Deploy.0 = Release|Any CPU
		{A76B7366-00C2-45E7-8E1A-335CFA61A8B3}.AppStore|iPhone.ActiveCfg = Release|Any CPU
		{A76B7366-00C2-45E7-8E1A-335CFA61A8B3}.AppStore|iPhone.Build.0 = Release|Any CPU
		{A76B7366-00C2-45E7-8E1A-335CFA61A8B3}.AppStore|iPhone.Deploy.0 = Release|Any CPU
		{A76B7366-00C2-45E7-8E1A-335CFA61A8B3}.AppStore|iPhoneSimulator.ActiveCfg = Release|Any CPU
		{A76B7366-00C2-45E7-8E1A-335CFA61A8B3}.AppStore|iPhoneSimulator.Build.0 = Release|Any CPU
		{A76B7366-00C2-45E7-8E1A-335CFA61A8B3}.AppStore|iPhoneSimulator.Deploy.0 = Release|Any CPU
		{A76B7366-00C2-45E7-8E1A-335CFA61A8B3}.Debug|Any CPU.ActiveCfg = Debug|Any CPU
		{A76B7366-00C2-45E7-8E1A-335CFA61A8B3}.Debug|Any CPU.Build.0 = Debug|Any CPU
		{A76B7366-00C2-45E7-8E1A-335CFA61A8B3}.Debug|Any CPU.Deploy.0 = Debug|Any CPU
		{A76B7366-00C2-45E7-8E1A-335CFA61A8B3}.Debug|iPhone.ActiveCfg = Debug|Any CPU
		{A76B7366-00C2-45E7-8E1A-335CFA61A8B3}.Debug|iPhone.Build.0 = Debug|Any CPU
		{A76B7366-00C2-45E7-8E1A-335CFA61A8B3}.Debug|iPhone.Deploy.0 = Debug|Any CPU
		{A76B7366-00C2-45E7-8E1A-335CFA61A8B3}.Debug|iPhoneSimulator.ActiveCfg = Debug|Any CPU
		{A76B7366-00C2-45E7-8E1A-335CFA61A8B3}.Debug|iPhoneSimulator.Build.0 = Debug|Any CPU
		{A76B7366-00C2-45E7-8E1A-335CFA61A8B3}.Debug|iPhoneSimulator.Deploy.0 = Debug|Any CPU
		{A76B7366-00C2-45E7-8E1A-335CFA61A8B3}.Release|Any CPU.ActiveCfg = Release|Any CPU
		{A76B7366-00C2-45E7-8E1A-335CFA61A8B3}.Release|Any CPU.Build.0 = Release|Any CPU
		{A76B7366-00C2-45E7-8E1A-335CFA61A8B3}.Release|Any CPU.Deploy.0 = Release|Any CPU
		{A76B7366-00C2-45E7-8E1A-335CFA61A8B3}.Release|iPhone.ActiveCfg = Release|Any CPU
		{A76B7366-00C2-45E7-8E1A-335CFA61A8B3}.Release|iPhone.Build.0 = Release|Any CPU
		{A76B7366-00C2-45E7-8E1A-335CFA61A8B3}.Release|iPhone.Deploy.0 = Release|Any CPU
		{A76B7366-00C2-45E7-8E1A-335CFA61A8B3}.Release|iPhoneSimulator.ActiveCfg = Release|Any CPU
		{A76B7366-00C2-45E7-8E1A-335CFA61A8B3}.Release|iPhoneSimulator.Build.0 = Release|Any CPU
		{A76B7366-00C2-45E7-8E1A-335CFA61A8B3}.Release|iPhoneSimulator.Deploy.0 = Release|Any CPU
		{223204BD-E889-4389-B0D8-90D9DF054978}.Ad-Hoc|Any CPU.ActiveCfg = Ad-Hoc|iPhone
		{223204BD-E889-4389-B0D8-90D9DF054978}.Ad-Hoc|Any CPU.Build.0 = Ad-Hoc|iPhone
		{223204BD-E889-4389-B0D8-90D9DF054978}.Ad-Hoc|Any CPU.Deploy.0 = Ad-Hoc|iPhone
		{223204BD-E889-4389-B0D8-90D9DF054978}.Ad-Hoc|iPhone.ActiveCfg = Ad-Hoc|iPhone
		{223204BD-E889-4389-B0D8-90D9DF054978}.Ad-Hoc|iPhone.Build.0 = Ad-Hoc|iPhone
		{223204BD-E889-4389-B0D8-90D9DF054978}.Ad-Hoc|iPhone.Deploy.0 = Ad-Hoc|iPhone
		{223204BD-E889-4389-B0D8-90D9DF054978}.Ad-Hoc|iPhoneSimulator.ActiveCfg = Ad-Hoc|iPhoneSimulator
		{223204BD-E889-4389-B0D8-90D9DF054978}.Ad-Hoc|iPhoneSimulator.Build.0 = Ad-Hoc|iPhoneSimulator
		{223204BD-E889-4389-B0D8-90D9DF054978}.Ad-Hoc|iPhoneSimulator.Deploy.0 = Ad-Hoc|iPhoneSimulator
		{223204BD-E889-4389-B0D8-90D9DF054978}.AppStore|Any CPU.ActiveCfg = AppStore|iPhone
		{223204BD-E889-4389-B0D8-90D9DF054978}.AppStore|Any CPU.Build.0 = AppStore|iPhone
		{223204BD-E889-4389-B0D8-90D9DF054978}.AppStore|Any CPU.Deploy.0 = AppStore|iPhone
		{223204BD-E889-4389-B0D8-90D9DF054978}.AppStore|iPhone.ActiveCfg = AppStore|iPhone
		{223204BD-E889-4389-B0D8-90D9DF054978}.AppStore|iPhone.Build.0 = AppStore|iPhone
		{223204BD-E889-4389-B0D8-90D9DF054978}.AppStore|iPhone.Deploy.0 = AppStore|iPhone
		{223204BD-E889-4389-B0D8-90D9DF054978}.AppStore|iPhoneSimulator.ActiveCfg = AppStore|iPhoneSimulator
		{223204BD-E889-4389-B0D8-90D9DF054978}.AppStore|iPhoneSimulator.Build.0 = AppStore|iPhoneSimulator
		{223204BD-E889-4389-B0D8-90D9DF054978}.AppStore|iPhoneSimulator.Deploy.0 = AppStore|iPhoneSimulator
		{223204BD-E889-4389-B0D8-90D9DF054978}.Debug|Any CPU.ActiveCfg = Debug|iPhoneSimulator
		{223204BD-E889-4389-B0D8-90D9DF054978}.Debug|Any CPU.Build.0 = Debug|iPhoneSimulator
		{223204BD-E889-4389-B0D8-90D9DF054978}.Debug|Any CPU.Deploy.0 = Debug|iPhoneSimulator
		{223204BD-E889-4389-B0D8-90D9DF054978}.Debug|iPhone.ActiveCfg = Debug|iPhone
		{223204BD-E889-4389-B0D8-90D9DF054978}.Debug|iPhone.Build.0 = Debug|iPhone
		{223204BD-E889-4389-B0D8-90D9DF054978}.Debug|iPhone.Deploy.0 = Debug|iPhone
		{223204BD-E889-4389-B0D8-90D9DF054978}.Debug|iPhoneSimulator.ActiveCfg = Debug|iPhoneSimulator
		{223204BD-E889-4389-B0D8-90D9DF054978}.Debug|iPhoneSimulator.Build.0 = Debug|iPhoneSimulator
		{223204BD-E889-4389-B0D8-90D9DF054978}.Debug|iPhoneSimulator.Deploy.0 = Debug|iPhoneSimulator
		{223204BD-E889-4389-B0D8-90D9DF054978}.Release|Any CPU.ActiveCfg = Release|iPhone
		{223204BD-E889-4389-B0D8-90D9DF054978}.Release|Any CPU.Build.0 = Release|iPhone
		{223204BD-E889-4389-B0D8-90D9DF054978}.Release|Any CPU.Deploy.0 = Release|iPhone
		{223204BD-E889-4389-B0D8-90D9DF054978}.Release|iPhone.ActiveCfg = Release|iPhone
		{223204BD-E889-4389-B0D8-90D9DF054978}.Release|iPhone.Build.0 = Release|iPhone
		{223204BD-E889-4389-B0D8-90D9DF054978}.Release|iPhone.Deploy.0 = Release|iPhone
		{223204BD-E889-4389-B0D8-90D9DF054978}.Release|iPhoneSimulator.ActiveCfg = Release|iPhoneSimulator
		{223204BD-E889-4389-B0D8-90D9DF054978}.Release|iPhoneSimulator.Build.0 = Release|iPhoneSimulator
		{223204BD-E889-4389-B0D8-90D9DF054978}.Release|iPhoneSimulator.Deploy.0 = Release|iPhoneSimulator
		{06AFCDFB-FD2E-4E4C-8936-54901DAF031D}.Ad-Hoc|Any CPU.ActiveCfg = Debug|Any CPU
		{06AFCDFB-FD2E-4E4C-8936-54901DAF031D}.Ad-Hoc|Any CPU.Build.0 = Debug|Any CPU
		{06AFCDFB-FD2E-4E4C-8936-54901DAF031D}.Ad-Hoc|Any CPU.Deploy.0 = Debug|Any CPU
		{06AFCDFB-FD2E-4E4C-8936-54901DAF031D}.Ad-Hoc|iPhone.ActiveCfg = Debug|Any CPU
		{06AFCDFB-FD2E-4E4C-8936-54901DAF031D}.Ad-Hoc|iPhone.Build.0 = Debug|Any CPU
		{06AFCDFB-FD2E-4E4C-8936-54901DAF031D}.Ad-Hoc|iPhone.Deploy.0 = Debug|Any CPU
		{06AFCDFB-FD2E-4E4C-8936-54901DAF031D}.Ad-Hoc|iPhoneSimulator.ActiveCfg = Debug|Any CPU
		{06AFCDFB-FD2E-4E4C-8936-54901DAF031D}.Ad-Hoc|iPhoneSimulator.Build.0 = Debug|Any CPU
		{06AFCDFB-FD2E-4E4C-8936-54901DAF031D}.Ad-Hoc|iPhoneSimulator.Deploy.0 = Debug|Any CPU
		{06AFCDFB-FD2E-4E4C-8936-54901DAF031D}.AppStore|Any CPU.ActiveCfg = Debug|Any CPU
		{06AFCDFB-FD2E-4E4C-8936-54901DAF031D}.AppStore|Any CPU.Build.0 = Debug|Any CPU
		{06AFCDFB-FD2E-4E4C-8936-54901DAF031D}.AppStore|Any CPU.Deploy.0 = Debug|Any CPU
		{06AFCDFB-FD2E-4E4C-8936-54901DAF031D}.AppStore|iPhone.ActiveCfg = Debug|Any CPU
		{06AFCDFB-FD2E-4E4C-8936-54901DAF031D}.AppStore|iPhone.Build.0 = Debug|Any CPU
		{06AFCDFB-FD2E-4E4C-8936-54901DAF031D}.AppStore|iPhone.Deploy.0 = Debug|Any CPU
		{06AFCDFB-FD2E-4E4C-8936-54901DAF031D}.AppStore|iPhoneSimulator.ActiveCfg = Debug|Any CPU
		{06AFCDFB-FD2E-4E4C-8936-54901DAF031D}.AppStore|iPhoneSimulator.Build.0 = Debug|Any CPU
		{06AFCDFB-FD2E-4E4C-8936-54901DAF031D}.AppStore|iPhoneSimulator.Deploy.0 = Debug|Any CPU
		{06AFCDFB-FD2E-4E4C-8936-54901DAF031D}.Debug|Any CPU.ActiveCfg = Debug|Any CPU
		{06AFCDFB-FD2E-4E4C-8936-54901DAF031D}.Debug|Any CPU.Build.0 = Debug|Any CPU
		{06AFCDFB-FD2E-4E4C-8936-54901DAF031D}.Debug|Any CPU.Deploy.0 = Debug|Any CPU
		{06AFCDFB-FD2E-4E4C-8936-54901DAF031D}.Debug|iPhone.ActiveCfg = Debug|Any CPU
		{06AFCDFB-FD2E-4E4C-8936-54901DAF031D}.Debug|iPhone.Build.0 = Debug|Any CPU
		{06AFCDFB-FD2E-4E4C-8936-54901DAF031D}.Debug|iPhone.Deploy.0 = Debug|Any CPU
		{06AFCDFB-FD2E-4E4C-8936-54901DAF031D}.Debug|iPhoneSimulator.ActiveCfg = Debug|Any CPU
		{06AFCDFB-FD2E-4E4C-8936-54901DAF031D}.Debug|iPhoneSimulator.Build.0 = Debug|Any CPU
		{06AFCDFB-FD2E-4E4C-8936-54901DAF031D}.Debug|iPhoneSimulator.Deploy.0 = Debug|Any CPU
		{06AFCDFB-FD2E-4E4C-8936-54901DAF031D}.Release|Any CPU.ActiveCfg = Release|Any CPU
		{06AFCDFB-FD2E-4E4C-8936-54901DAF031D}.Release|Any CPU.Build.0 = Release|Any CPU
		{06AFCDFB-FD2E-4E4C-8936-54901DAF031D}.Release|Any CPU.Deploy.0 = Release|Any CPU
		{06AFCDFB-FD2E-4E4C-8936-54901DAF031D}.Release|iPhone.ActiveCfg = Release|Any CPU
		{06AFCDFB-FD2E-4E4C-8936-54901DAF031D}.Release|iPhone.Build.0 = Release|Any CPU
		{06AFCDFB-FD2E-4E4C-8936-54901DAF031D}.Release|iPhone.Deploy.0 = Release|Any CPU
		{06AFCDFB-FD2E-4E4C-8936-54901DAF031D}.Release|iPhoneSimulator.ActiveCfg = Release|Any CPU
		{06AFCDFB-FD2E-4E4C-8936-54901DAF031D}.Release|iPhoneSimulator.Build.0 = Release|Any CPU
		{06AFCDFB-FD2E-4E4C-8936-54901DAF031D}.Release|iPhoneSimulator.Deploy.0 = Release|Any CPU
	EndGlobalSection
	GlobalSection(SolutionProperties) = preSolution
		HideSolutionNode = FALSE
	EndGlobalSection
	GlobalSection(ExtensibilityGlobals) = postSolution
		SolutionGuid = {E50833DC-2E76-454C-8E8B-28E8900D784F}
	EndGlobalSection
EndGlobal
